// !$*UTF8*$!
{
	archiveVersion = 1;
	classes = {
	};
	objectVersion = 52;
	objects = {

/* Begin PBXBuildFile section */
		1B12DFE725A894E90068ED15 /* ArticleView.swift in Sources */ = {isa = PBXBuildFile; fileRef = 1B12DFE625A894E90068ED15 /* ArticleView.swift */; };
		1B12DFFD25A897670068ED15 /* ArticleList.swift in Sources */ = {isa = PBXBuildFile; fileRef = 1B572E3325A4B20D00CA8A1B /* ArticleList.swift */; };
		1B3F89F925894AD100B6F9CA /* Errors.swift in Sources */ = {isa = PBXBuildFile; fileRef = 1B3F89F825894AD100B6F9CA /* Errors.swift */; };
		1B55A96D257134CE001485DD /* FeedParser.swift in Sources */ = {isa = PBXBuildFile; fileRef = 1B55A96C257134CE001485DD /* FeedParser.swift */; };
		1B572E5125A4B35300CA8A1B /* FeedEditSettingsView.swift in Sources */ = {isa = PBXBuildFile; fileRef = 1B572E4B25A4B35300CA8A1B /* FeedEditSettingsView.swift */; };
		1B572E5225A4B35300CA8A1B /* CollectionSettingsView.swift in Sources */ = {isa = PBXBuildFile; fileRef = 1B572E4C25A4B35300CA8A1B /* CollectionSettingsView.swift */; };
		1B572E5325A4B35300CA8A1B /* FeedProviderSettingsView.swift in Sources */ = {isa = PBXBuildFile; fileRef = 1B572E4D25A4B35300CA8A1B /* FeedProviderSettingsView.swift */; };
		1B572E5425A4B35300CA8A1B /* CollectionDetailsSettingsView.swift in Sources */ = {isa = PBXBuildFile; fileRef = 1B572E4E25A4B35300CA8A1B /* CollectionDetailsSettingsView.swift */; };
		1B572E5625A4B35300CA8A1B /* SettingsView.swift in Sources */ = {isa = PBXBuildFile; fileRef = 1B572E5025A4B35300CA8A1B /* SettingsView.swift */; };
		1B572E7A25A4CFF900CA8A1B /* SideMenuView.swift in Sources */ = {isa = PBXBuildFile; fileRef = 1B572E7925A4CFF900CA8A1B /* SideMenuView.swift */; };
		1B64286B25AA05FF00E0610C /* ArticleListRow.swift in Sources */ = {isa = PBXBuildFile; fileRef = 1BBFF80C25532AD20091541B /* ArticleListRow.swift */; };
		1B64288B25AA420800E0610C /* AddFeedView.swift in Sources */ = {isa = PBXBuildFile; fileRef = 1B572E4F25A4B35300CA8A1B /* AddFeedView.swift */; };
		1B68EA3D255B32BE00504207 /* FeedEditSettingsView.swift in Sources */ = {isa = PBXBuildFile; fileRef = 1B68EA3C255B32BE00504207 /* FeedEditSettingsView.swift */; };
		1B83D53625A617F5009A5EE7 /* AsyncImage.swift in Sources */ = {isa = PBXBuildFile; fileRef = EBAB4B9C25680F9F00ABF623 /* AsyncImage.swift */; };
		1B83D53F25A61F9D009A5EE7 /* DummyDetailView.swift in Sources */ = {isa = PBXBuildFile; fileRef = EB08E123254D7BD200006B70 /* DummyDetailView.swift */; };
		1BA30E9225A495100048FA60 /* ContentView.swift in Sources */ = {isa = PBXBuildFile; fileRef = 1BA30E9125A495100048FA60 /* ContentView.swift */; };
		1BA30E9725A495120048FA60 /* Preview Assets.xcassets in Resources */ = {isa = PBXBuildFile; fileRef = 1BA30E9625A495120048FA60 /* Preview Assets.xcassets */; };
		1BA30E9925A495120048FA60 /* Persistence.swift in Sources */ = {isa = PBXBuildFile; fileRef = 1BA30E9825A495120048FA60 /* Persistence.swift */; };
		1BA30E9C25A495120048FA60 /* Mac_RSS_Reader.xcdatamodeld in Sources */ = {isa = PBXBuildFile; fileRef = 1BA30E9A25A495120048FA60 /* Mac_RSS_Reader.xcdatamodeld */; };
		1BA30EAC25A495550048FA60 /* XMLCoder in Frameworks */ = {isa = PBXBuildFile; productRef = 1BA30EAB25A495550048FA60 /* XMLCoder */; };
		1BA30EAD25A495550048FA60 /* RSS_Reader.app in Resources */ = {isa = PBXBuildFile; fileRef = 1BD2A3C3254B036E00FCA510 /* RSS_Reader.app */; };
		1BA30EB425A495650048FA60 /* Assets.xcassets in Resources */ = {isa = PBXBuildFile; fileRef = 1BD2A3CA254B036F00FCA510 /* Assets.xcassets */; };
		1BA30EB925A496DD0048FA60 /* FeedParser.swift in Sources */ = {isa = PBXBuildFile; fileRef = 1B55A96C257134CE001485DD /* FeedParser.swift */; };
		1BA30EBA25A496DD0048FA60 /* SearchPhrase.swift in Sources */ = {isa = PBXBuildFile; fileRef = EB7383A9258A70AC0025864B /* SearchPhrase.swift */; };
		1BA30EC125A496F10048FA60 /* CollectionDataStructur.swift in Sources */ = {isa = PBXBuildFile; fileRef = C50DDE5D25652F1D00A2A1DA /* CollectionDataStructur.swift */; };
		1BA30EC425A496F10048FA60 /* RSS_ReaderApp.swift in Sources */ = {isa = PBXBuildFile; fileRef = 1BD2A3C6254B036E00FCA510 /* RSS_ReaderApp.swift */; };
		1BA30EC625A496F10048FA60 /* FeedDataStructures.swift in Sources */ = {isa = PBXBuildFile; fileRef = EB6702E6254DA694006BD9C1 /* FeedDataStructures.swift */; };
		1BA30EC925A496F10048FA60 /* Errors.swift in Sources */ = {isa = PBXBuildFile; fileRef = 1B3F89F825894AD100B6F9CA /* Errors.swift */; };
		1BA30ECC25A496F10048FA60 /* Model.swift in Sources */ = {isa = PBXBuildFile; fileRef = EB08E138254D7EBD00006B70 /* Model.swift */; };
		1BA30ED225A496F10048FA60 /* FilterDataStructures.swift in Sources */ = {isa = PBXBuildFile; fileRef = EB6702EB254DABE6006BD9C1 /* FilterDataStructures.swift */; };
		1BA30ED425A496F10048FA60 /* ArticleDataStructures.swift in Sources */ = {isa = PBXBuildFile; fileRef = EB6702DE254D983A006BD9C1 /* ArticleDataStructures.swift */; };
		1BBFF7F425531F980091541B /* c9f82579-efeb-4ed5-bf07-e10edafc3a4d.jpeg in Resources */ = {isa = PBXBuildFile; fileRef = 1BBFF7F225531F980091541B /* c9f82579-efeb-4ed5-bf07-e10edafc3a4d.jpeg */; };
		1BBFF7F525531F980091541B /* 824cf0bb-20a4-4655-a50e-0e6ff7520d0f.jpeg in Resources */ = {isa = PBXBuildFile; fileRef = 1BBFF7F325531F980091541B /* 824cf0bb-20a4-4655-a50e-0e6ff7520d0f.jpeg */; };
		1BBFF80D25532AD30091541B /* ArticleListRow.swift in Sources */ = {isa = PBXBuildFile; fileRef = 1BBFF80C25532AD20091541B /* ArticleListRow.swift */; };
		1BC46CA42556CD1A0029D436 /* ArticleList.swift in Sources */ = {isa = PBXBuildFile; fileRef = 1BC46CA32556CD1A0029D436 /* ArticleList.swift */; };
		1BC46CB425576D0C0029D436 /* RefreshableScrollView.swift in Sources */ = {isa = PBXBuildFile; fileRef = 1BC46CB325576D0C0029D436 /* RefreshableScrollView.swift */; };
		1BD2A3C7254B036E00FCA510 /* RSS_ReaderApp.swift in Sources */ = {isa = PBXBuildFile; fileRef = 1BD2A3C6254B036E00FCA510 /* RSS_ReaderApp.swift */; };
		1BD2A3C9254B036E00FCA510 /* ContentView.swift in Sources */ = {isa = PBXBuildFile; fileRef = 1BD2A3C8254B036E00FCA510 /* ContentView.swift */; };
		1BD2A3CB254B036F00FCA510 /* Assets.xcassets in Resources */ = {isa = PBXBuildFile; fileRef = 1BD2A3CA254B036F00FCA510 /* Assets.xcassets */; };
		1BD2A3CE254B036F00FCA510 /* Preview Assets.xcassets in Resources */ = {isa = PBXBuildFile; fileRef = 1BD2A3CD254B036F00FCA510 /* Preview Assets.xcassets */; };
		1BD2A3D0254B036F00FCA510 /* Persistence.swift in Sources */ = {isa = PBXBuildFile; fileRef = 1BD2A3CF254B036F00FCA510 /* Persistence.swift */; };
		1BD2A3D3254B036F00FCA510 /* RSS_Reader.xcdatamodeld in Sources */ = {isa = PBXBuildFile; fileRef = 1BD2A3D1254B036F00FCA510 /* RSS_Reader.xcdatamodeld */; };
		1BD2A3DE254B036F00FCA510 /* RSS_ReaderTests.swift in Sources */ = {isa = PBXBuildFile; fileRef = 1BD2A3DD254B036F00FCA510 /* RSS_ReaderTests.swift */; };
		1BD2A3E9254B036F00FCA510 /* RSS_ReaderUITests.swift in Sources */ = {isa = PBXBuildFile; fileRef = 1BD2A3E8254B036F00FCA510 /* RSS_ReaderUITests.swift */; };
		7C22853525C2EA1F00FC6EE9 /* CustomTextfield.swift in Sources */ = {isa = PBXBuildFile; fileRef = 7C22853425C2EA1F00FC6EE9 /* CustomTextfield.swift */; };
		7C22853A25C2FA2300FC6EE9 /* TButton.swift in Sources */ = {isa = PBXBuildFile; fileRef = 7C22853925C2FA2300FC6EE9 /* TButton.swift */; };
		7C6931A42616C5B300715157 /* Date_Extension.swift in Sources */ = {isa = PBXBuildFile; fileRef = 7C6931A32616C5B300715157 /* Date_Extension.swift */; };
		7C86307225BC49F9008EB6F0 /* DefaultScreenLayoutModifier.swift in Sources */ = {isa = PBXBuildFile; fileRef = 7C86307125BC49F9008EB6F0 /* DefaultScreenLayoutModifier.swift */; };
		7C91656425BAF7D90017FE3C /* DefaultListEntryView.swift in Sources */ = {isa = PBXBuildFile; fileRef = 7C91656325BAF7D90017FE3C /* DefaultListEntryView.swift */; };
		7C91656C25BB13300017FE3C /* NavigationViewStyleModifier.swift in Sources */ = {isa = PBXBuildFile; fileRef = 7C91656B25BB13300017FE3C /* NavigationViewStyleModifier.swift */; };
		1BEAC5D225A9DC440067C440 /* ArticleView.swift in Sources */ = {isa = PBXBuildFile; fileRef = EB08E11E254D7BAD00006B70 /* ArticleView.swift */; };
		7C9C4A8325924AB20025BBBC /* XMLCoder in Frameworks */ = {isa = PBXBuildFile; productRef = EB3F6ABA2554046F003FA72F /* XMLCoder */; };
		7C9C4A88259269100025BBBC /* MainView.swift in Sources */ = {isa = PBXBuildFile; fileRef = 7C9C4A87259269100025BBBC /* MainView.swift */; };
		7CB831DC2628A5ED00F41B92 /* ScrollViewOffset.swift in Sources */ = {isa = PBXBuildFile; fileRef = 7CB831DB2628A5ED00F41B92 /* ScrollViewOffset.swift */; };
		7CB831E12628A96200F41B92 /* WaitingButton.swift in Sources */ = {isa = PBXBuildFile; fileRef = 7CB831E02628A96200F41B92 /* WaitingButton.swift */; };
		7CC52C2A25C1B2FF00DA2100 /* CDButton.swift in Sources */ = {isa = PBXBuildFile; fileRef = 7CC52C2925C1B2FF00DA2100 /* CDButton.swift */; };
		7CC52C2F25C1B7E400DA2100 /* ECButton.swift in Sources */ = {isa = PBXBuildFile; fileRef = 7CC52C2E25C1B7E400DA2100 /* ECButton.swift */; };
		7CC52C4825C1C3B100DA2100 /* SystemImage.swift in Sources */ = {isa = PBXBuildFile; fileRef = 7CC52C4725C1C3B100DA2100 /* SystemImage.swift */; };
		7CC52C4D25C1EC4700DA2100 /* CustomImage.swift in Sources */ = {isa = PBXBuildFile; fileRef = 7CC52C4C25C1EC4700DA2100 /* CustomImage.swift */; };
		7CC52C5225C1F8E200DA2100 /* ImageStyle.swift in Sources */ = {isa = PBXBuildFile; fileRef = 7CC52C5125C1F8E200DA2100 /* ImageStyle.swift */; };
		7CC52C5725C20ED900DA2100 /* ImageSize.swift in Sources */ = {isa = PBXBuildFile; fileRef = 7CC52C5625C20ED900DA2100 /* ImageSize.swift */; };
		7CC52C5C25C20F2D00DA2100 /* CustomSystemImage.swift in Sources */ = {isa = PBXBuildFile; fileRef = 7CC52C5B25C20F2D00DA2100 /* CustomSystemImage.swift */; };
		C50DDE5E25652F1D00A2A1DA /* CollectionDataStructures.swift in Sources */ = {isa = PBXBuildFile; fileRef = C50DDE5D25652F1D00A2A1DA /* CollectionDataStructures.swift */; };
		C50DDE7725680F7B00A2A1DA /* CollectionSettingsView.swift in Sources */ = {isa = PBXBuildFile; fileRef = C50DDE7625680F7A00A2A1DA /* CollectionSettingsView.swift */; };
		C5813EC825A096290009F7F0 /* Extensions.swift in Sources */ = {isa = PBXBuildFile; fileRef = C5813EC725A096290009F7F0 /* Extensions.swift */; };
		C5EE54062586A8EF00174230 /* CollectionDetailsSettingsView.swift in Sources */ = {isa = PBXBuildFile; fileRef = C5EE54052586A8EF00174230 /* CollectionDetailsSettingsView.swift */; };
		EB08E124254D7BD200006B70 /* DummyDetailView.swift in Sources */ = {isa = PBXBuildFile; fileRef = EB08E123254D7BD200006B70 /* DummyDetailView.swift */; };
		EB08E12E254D7C1200006B70 /* SideMenuView.swift in Sources */ = {isa = PBXBuildFile; fileRef = EB08E12D254D7C1200006B70 /* SideMenuView.swift */; };
		EB08E139254D7EBD00006B70 /* Model.swift in Sources */ = {isa = PBXBuildFile; fileRef = EB08E138254D7EBD00006B70 /* Model.swift */; };
		EB3F6AAB2552F7F0003FA72F /* SettingsView.swift in Sources */ = {isa = PBXBuildFile; fileRef = EB3F6AAA2552F7F0003FA72F /* SettingsView.swift */; };
		EB3F6AB02552F9F2003FA72F /* FeedSettingsView.swift in Sources */ = {isa = PBXBuildFile; fileRef = EB3F6AAF2552F9F2003FA72F /* FeedSettingsView.swift */; };
		EB400350259E12CD00FA87DB /* FeedDetector.swift in Sources */ = {isa = PBXBuildFile; fileRef = EB40034F259E12CD00FA87DB /* FeedDetector.swift */; };
		EB40038225A333FA00FA87DB /* AddFeedView.swift in Sources */ = {isa = PBXBuildFile; fileRef = EB40038125A333FA00FA87DB /* AddFeedView.swift */; };
		EB6702DF254D983A006BD9C1 /* ArticleDataStructures.swift in Sources */ = {isa = PBXBuildFile; fileRef = EB6702DE254D983A006BD9C1 /* ArticleDataStructures.swift */; };
		EB6702E7254DA694006BD9C1 /* FeedDataStructures.swift in Sources */ = {isa = PBXBuildFile; fileRef = EB6702E6254DA694006BD9C1 /* FeedDataStructures.swift */; };
		EB6702EC254DABE6006BD9C1 /* FilterDataStructures.swift in Sources */ = {isa = PBXBuildFile; fileRef = EB6702EB254DABE6006BD9C1 /* FilterDataStructures.swift */; };
		EB7383AA258A70AC0025864B /* SearchPhrase.swift in Sources */ = {isa = PBXBuildFile; fileRef = EB7383A9258A70AC0025864B /* SearchPhrase.swift */; };
		EBA0931B25A911A500F070BC /* TextGenerators.swift in Sources */ = {isa = PBXBuildFile; fileRef = EBA0931A25A911A500F070BC /* TextGenerators.swift */; };
		EBAB4B9D25680F9F00ABF623 /* AsyncImage.swift in Sources */ = {isa = PBXBuildFile; fileRef = EBAB4B9C25680F9F00ABF623 /* AsyncImage.swift */; };
		EBADDEC2255743A3008AD1C5 /* FeedProviderSettingsView.swift in Sources */ = {isa = PBXBuildFile; fileRef = EBADDEC1255743A3008AD1C5 /* FeedProviderSettingsView.swift */; };
		EBEFF55125B9A89100B734A0 /* Savable_Protocol.swift in Sources */ = {isa = PBXBuildFile; fileRef = EBEFF55025B9A89100B734A0 /* Savable_Protocol.swift */; };
		EBFD7B7425B0E7D5003A726E /* Localizable.strings in Resources */ = {isa = PBXBuildFile; fileRef = EBFD7B7625B0E7D5003A726E /* Localizable.strings */; };
/* End PBXBuildFile section */

/* Begin PBXContainerItemProxy section */
		1BA30EAE25A495550048FA60 /* PBXContainerItemProxy */ = {
			isa = PBXContainerItemProxy;
			containerPortal = 1BD2A3BB254B036E00FCA510 /* Project object */;
			proxyType = 1;
			remoteGlobalIDString = 1BD2A3C2254B036E00FCA510;
			remoteInfo = RSS_Reader;
		};
		1BD2A3DA254B036F00FCA510 /* PBXContainerItemProxy */ = {
			isa = PBXContainerItemProxy;
			containerPortal = 1BD2A3BB254B036E00FCA510 /* Project object */;
			proxyType = 1;
			remoteGlobalIDString = 1BD2A3C2254B036E00FCA510;
			remoteInfo = RSS_Reader;
		};
		1BD2A3E5254B036F00FCA510 /* PBXContainerItemProxy */ = {
			isa = PBXContainerItemProxy;
			containerPortal = 1BD2A3BB254B036E00FCA510 /* Project object */;
			proxyType = 1;
			remoteGlobalIDString = 1BD2A3C2254B036E00FCA510;
			remoteInfo = RSS_Reader;
		};
/* End PBXContainerItemProxy section */

/* Begin PBXFileReference section */
		1B12DFE625A894E90068ED15 /* ArticleView.swift */ = {isa = PBXFileReference; lastKnownFileType = sourcecode.swift; path = ArticleView.swift; sourceTree = "<group>"; };
		1B3F89F825894AD100B6F9CA /* Errors.swift */ = {isa = PBXFileReference; lastKnownFileType = sourcecode.swift; path = Errors.swift; sourceTree = "<group>"; };
		1B55A96C257134CE001485DD /* FeedParser.swift */ = {isa = PBXFileReference; fileEncoding = 4; lastKnownFileType = sourcecode.swift; path = FeedParser.swift; sourceTree = "<group>"; };
		1B572E3325A4B20D00CA8A1B /* ArticleList.swift */ = {isa = PBXFileReference; fileEncoding = 4; lastKnownFileType = sourcecode.swift; path = ArticleList.swift; sourceTree = "<group>"; };
		1B572E4B25A4B35300CA8A1B /* FeedEditSettingsView.swift */ = {isa = PBXFileReference; fileEncoding = 4; lastKnownFileType = sourcecode.swift; path = FeedEditSettingsView.swift; sourceTree = "<group>"; };
		1B572E4C25A4B35300CA8A1B /* CollectionSettingsView.swift */ = {isa = PBXFileReference; fileEncoding = 4; lastKnownFileType = sourcecode.swift; path = CollectionSettingsView.swift; sourceTree = "<group>"; };
		1B572E4D25A4B35300CA8A1B /* FeedProviderSettingsView.swift */ = {isa = PBXFileReference; fileEncoding = 4; lastKnownFileType = sourcecode.swift; path = FeedProviderSettingsView.swift; sourceTree = "<group>"; };
		1B572E4E25A4B35300CA8A1B /* CollectionDetailsSettingsView.swift */ = {isa = PBXFileReference; fileEncoding = 4; lastKnownFileType = sourcecode.swift; path = CollectionDetailsSettingsView.swift; sourceTree = "<group>"; };
		1B572E4F25A4B35300CA8A1B /* AddFeedView.swift */ = {isa = PBXFileReference; fileEncoding = 4; lastKnownFileType = sourcecode.swift; path = AddFeedView.swift; sourceTree = "<group>"; };
		1B572E5025A4B35300CA8A1B /* SettingsView.swift */ = {isa = PBXFileReference; fileEncoding = 4; lastKnownFileType = sourcecode.swift; path = SettingsView.swift; sourceTree = "<group>"; };
		1B572E7925A4CFF900CA8A1B /* SideMenuView.swift */ = {isa = PBXFileReference; fileEncoding = 4; lastKnownFileType = sourcecode.swift; path = SideMenuView.swift; sourceTree = "<group>"; };
		1B68EA3C255B32BE00504207 /* FeedEditSettingsView.swift */ = {isa = PBXFileReference; lastKnownFileType = sourcecode.swift; path = FeedEditSettingsView.swift; sourceTree = "<group>"; };
		1BA30E8D25A495100048FA60 /* Mac_RSS_Reader.app */ = {isa = PBXFileReference; explicitFileType = wrapper.application; includeInIndex = 0; path = Mac_RSS_Reader.app; sourceTree = BUILT_PRODUCTS_DIR; };
		1BA30E9125A495100048FA60 /* ContentView.swift */ = {isa = PBXFileReference; lastKnownFileType = sourcecode.swift; path = ContentView.swift; sourceTree = "<group>"; };
		1BA30E9625A495120048FA60 /* Preview Assets.xcassets */ = {isa = PBXFileReference; lastKnownFileType = folder.assetcatalog; path = "Preview Assets.xcassets"; sourceTree = "<group>"; };
		1BA30E9825A495120048FA60 /* Persistence.swift */ = {isa = PBXFileReference; lastKnownFileType = sourcecode.swift; path = Persistence.swift; sourceTree = "<group>"; };
		1BA30E9B25A495120048FA60 /* Mac_RSS_Reader.xcdatamodel */ = {isa = PBXFileReference; lastKnownFileType = wrapper.xcdatamodel; path = Mac_RSS_Reader.xcdatamodel; sourceTree = "<group>"; };
		1BA30E9D25A495120048FA60 /* Info.plist */ = {isa = PBXFileReference; lastKnownFileType = text.plist.xml; path = Info.plist; sourceTree = "<group>"; };
		1BA30E9E25A495120048FA60 /* Mac_RSS_Reader.entitlements */ = {isa = PBXFileReference; lastKnownFileType = text.plist.entitlements; path = Mac_RSS_Reader.entitlements; sourceTree = "<group>"; };
		1BBFF7F225531F980091541B /* c9f82579-efeb-4ed5-bf07-e10edafc3a4d.jpeg */ = {isa = PBXFileReference; lastKnownFileType = image.jpeg; path = "c9f82579-efeb-4ed5-bf07-e10edafc3a4d.jpeg"; sourceTree = "<group>"; };
		1BBFF7F325531F980091541B /* 824cf0bb-20a4-4655-a50e-0e6ff7520d0f.jpeg */ = {isa = PBXFileReference; lastKnownFileType = image.jpeg; path = "824cf0bb-20a4-4655-a50e-0e6ff7520d0f.jpeg"; sourceTree = "<group>"; };
		1BBFF80C25532AD20091541B /* ArticleListRow.swift */ = {isa = PBXFileReference; lastKnownFileType = sourcecode.swift; path = ArticleListRow.swift; sourceTree = "<group>"; };
		1BC46CA32556CD1A0029D436 /* ArticleList.swift */ = {isa = PBXFileReference; fileEncoding = 4; lastKnownFileType = sourcecode.swift; path = ArticleList.swift; sourceTree = "<group>"; };
		1BC46CB325576D0C0029D436 /* RefreshableScrollView.swift */ = {isa = PBXFileReference; lastKnownFileType = sourcecode.swift; path = RefreshableScrollView.swift; sourceTree = "<group>"; };
		1BD2A3C3254B036E00FCA510 /* RSS_Reader.app */ = {isa = PBXFileReference; explicitFileType = wrapper.application; includeInIndex = 0; path = RSS_Reader.app; sourceTree = BUILT_PRODUCTS_DIR; };
		1BD2A3C6254B036E00FCA510 /* RSS_ReaderApp.swift */ = {isa = PBXFileReference; lastKnownFileType = sourcecode.swift; path = RSS_ReaderApp.swift; sourceTree = "<group>"; };
		1BD2A3C8254B036E00FCA510 /* ContentView.swift */ = {isa = PBXFileReference; lastKnownFileType = sourcecode.swift; path = ContentView.swift; sourceTree = "<group>"; };
		1BD2A3CA254B036F00FCA510 /* Assets.xcassets */ = {isa = PBXFileReference; lastKnownFileType = folder.assetcatalog; path = Assets.xcassets; sourceTree = "<group>"; };
		1BD2A3CD254B036F00FCA510 /* Preview Assets.xcassets */ = {isa = PBXFileReference; lastKnownFileType = folder.assetcatalog; path = "Preview Assets.xcassets"; sourceTree = "<group>"; };
		1BD2A3CF254B036F00FCA510 /* Persistence.swift */ = {isa = PBXFileReference; lastKnownFileType = sourcecode.swift; path = Persistence.swift; sourceTree = "<group>"; };
		1BD2A3D2254B036F00FCA510 /* RSS_Reader.xcdatamodel */ = {isa = PBXFileReference; lastKnownFileType = wrapper.xcdatamodel; path = RSS_Reader.xcdatamodel; sourceTree = "<group>"; };
		1BD2A3D4254B036F00FCA510 /* Info.plist */ = {isa = PBXFileReference; lastKnownFileType = text.plist.xml; path = Info.plist; sourceTree = "<group>"; };
		1BD2A3D9254B036F00FCA510 /* RSS_ReaderTests.xctest */ = {isa = PBXFileReference; explicitFileType = wrapper.cfbundle; includeInIndex = 0; path = RSS_ReaderTests.xctest; sourceTree = BUILT_PRODUCTS_DIR; };
		1BD2A3DD254B036F00FCA510 /* RSS_ReaderTests.swift */ = {isa = PBXFileReference; lastKnownFileType = sourcecode.swift; path = RSS_ReaderTests.swift; sourceTree = "<group>"; };
		1BD2A3DF254B036F00FCA510 /* Info.plist */ = {isa = PBXFileReference; lastKnownFileType = text.plist.xml; path = Info.plist; sourceTree = "<group>"; };
		1BD2A3E4254B036F00FCA510 /* RSS_ReaderUITests.xctest */ = {isa = PBXFileReference; explicitFileType = wrapper.cfbundle; includeInIndex = 0; path = RSS_ReaderUITests.xctest; sourceTree = BUILT_PRODUCTS_DIR; };
		1BD2A3E8254B036F00FCA510 /* RSS_ReaderUITests.swift */ = {isa = PBXFileReference; lastKnownFileType = sourcecode.swift; path = RSS_ReaderUITests.swift; sourceTree = "<group>"; };
		1BD2A3EA254B036F00FCA510 /* Info.plist */ = {isa = PBXFileReference; lastKnownFileType = text.plist.xml; path = Info.plist; sourceTree = "<group>"; };
		1BD2A484254B177B00FCA510 /* RSS_Reader.entitlements */ = {isa = PBXFileReference; lastKnownFileType = text.plist.entitlements; path = RSS_Reader.entitlements; sourceTree = "<group>"; };
		7C22853425C2EA1F00FC6EE9 /* CustomTextfield.swift */ = {isa = PBXFileReference; lastKnownFileType = sourcecode.swift; path = CustomTextfield.swift; sourceTree = "<group>"; };
		7C22853925C2FA2300FC6EE9 /* TButton.swift */ = {isa = PBXFileReference; lastKnownFileType = sourcecode.swift; path = TButton.swift; sourceTree = "<group>"; };
		7C6931A32616C5B300715157 /* Date_Extension.swift */ = {isa = PBXFileReference; lastKnownFileType = sourcecode.swift; path = Date_Extension.swift; sourceTree = "<group>"; };
		7C86307125BC49F9008EB6F0 /* DefaultScreenLayoutModifier.swift */ = {isa = PBXFileReference; lastKnownFileType = sourcecode.swift; path = DefaultScreenLayoutModifier.swift; sourceTree = "<group>"; };
		7C91656325BAF7D90017FE3C /* DefaultListEntryView.swift */ = {isa = PBXFileReference; lastKnownFileType = sourcecode.swift; path = DefaultListEntryView.swift; sourceTree = "<group>"; };
		7C91656B25BB13300017FE3C /* NavigationViewStyleModifier.swift */ = {isa = PBXFileReference; lastKnownFileType = sourcecode.swift; path = NavigationViewStyleModifier.swift; sourceTree = "<group>"; };
		7C9C4A87259269100025BBBC /* MainView.swift */ = {isa = PBXFileReference; lastKnownFileType = sourcecode.swift; path = MainView.swift; sourceTree = "<group>"; };
		7CB831DB2628A5ED00F41B92 /* ScrollViewOffset.swift */ = {isa = PBXFileReference; lastKnownFileType = sourcecode.swift; path = ScrollViewOffset.swift; sourceTree = "<group>"; };
		7CB831E02628A96200F41B92 /* WaitingButton.swift */ = {isa = PBXFileReference; lastKnownFileType = sourcecode.swift; path = WaitingButton.swift; sourceTree = "<group>"; };
		7CC52C2925C1B2FF00DA2100 /* CDButton.swift */ = {isa = PBXFileReference; lastKnownFileType = sourcecode.swift; path = CDButton.swift; sourceTree = "<group>"; };
		7CC52C2E25C1B7E400DA2100 /* ECButton.swift */ = {isa = PBXFileReference; lastKnownFileType = sourcecode.swift; path = ECButton.swift; sourceTree = "<group>"; };
		7CC52C4725C1C3B100DA2100 /* SystemImage.swift */ = {isa = PBXFileReference; lastKnownFileType = sourcecode.swift; path = SystemImage.swift; sourceTree = "<group>"; };
		7CC52C4C25C1EC4700DA2100 /* CustomImage.swift */ = {isa = PBXFileReference; lastKnownFileType = sourcecode.swift; path = CustomImage.swift; sourceTree = "<group>"; };
		7CC52C5125C1F8E200DA2100 /* ImageStyle.swift */ = {isa = PBXFileReference; lastKnownFileType = sourcecode.swift; path = ImageStyle.swift; sourceTree = "<group>"; };
		7CC52C5625C20ED900DA2100 /* ImageSize.swift */ = {isa = PBXFileReference; lastKnownFileType = sourcecode.swift; path = ImageSize.swift; sourceTree = "<group>"; };
		7CC52C5B25C20F2D00DA2100 /* CustomSystemImage.swift */ = {isa = PBXFileReference; lastKnownFileType = sourcecode.swift; path = CustomSystemImage.swift; sourceTree = "<group>"; };
		C50DDE5D25652F1D00A2A1DA /* CollectionDataStructures.swift */ = {isa = PBXFileReference; lastKnownFileType = sourcecode.swift; path = CollectionDataStructures.swift; sourceTree = "<group>"; };
		C50DDE7625680F7A00A2A1DA /* CollectionSettingsView.swift */ = {isa = PBXFileReference; lastKnownFileType = sourcecode.swift; path = CollectionSettingsView.swift; sourceTree = "<group>"; };
		C5813EC725A096290009F7F0 /* Extensions.swift */ = {isa = PBXFileReference; lastKnownFileType = sourcecode.swift; path = Extensions.swift; sourceTree = "<group>"; };
		C5EE54052586A8EF00174230 /* CollectionDetailsSettingsView.swift */ = {isa = PBXFileReference; lastKnownFileType = sourcecode.swift; path = CollectionDetailsSettingsView.swift; sourceTree = "<group>"; };
		EB08E11E254D7BAD00006B70 /* ArticleView.swift */ = {isa = PBXFileReference; lastKnownFileType = sourcecode.swift; path = ArticleView.swift; sourceTree = "<group>"; };
		EB08E123254D7BD200006B70 /* DummyDetailView.swift */ = {isa = PBXFileReference; lastKnownFileType = sourcecode.swift; path = DummyDetailView.swift; sourceTree = "<group>"; };
		EB08E12D254D7C1200006B70 /* SideMenuView.swift */ = {isa = PBXFileReference; lastKnownFileType = sourcecode.swift; path = SideMenuView.swift; sourceTree = "<group>"; };
		EB08E138254D7EBD00006B70 /* Model.swift */ = {isa = PBXFileReference; lastKnownFileType = sourcecode.swift; path = Model.swift; sourceTree = "<group>"; };
		EB3F6AAA2552F7F0003FA72F /* SettingsView.swift */ = {isa = PBXFileReference; lastKnownFileType = sourcecode.swift; path = SettingsView.swift; sourceTree = "<group>"; };
		EB3F6AAF2552F9F2003FA72F /* FeedSettingsView.swift */ = {isa = PBXFileReference; lastKnownFileType = sourcecode.swift; path = FeedSettingsView.swift; sourceTree = "<group>"; };
		EB40034F259E12CD00FA87DB /* FeedDetector.swift */ = {isa = PBXFileReference; lastKnownFileType = sourcecode.swift; path = FeedDetector.swift; sourceTree = "<group>"; };
		EB40038125A333FA00FA87DB /* AddFeedView.swift */ = {isa = PBXFileReference; lastKnownFileType = sourcecode.swift; path = AddFeedView.swift; sourceTree = "<group>"; };
		EB6702DE254D983A006BD9C1 /* ArticleDataStructures.swift */ = {isa = PBXFileReference; lastKnownFileType = sourcecode.swift; path = ArticleDataStructures.swift; sourceTree = "<group>"; };
		EB6702E6254DA694006BD9C1 /* FeedDataStructures.swift */ = {isa = PBXFileReference; lastKnownFileType = sourcecode.swift; path = FeedDataStructures.swift; sourceTree = "<group>"; };
		EB6702EB254DABE6006BD9C1 /* FilterDataStructures.swift */ = {isa = PBXFileReference; lastKnownFileType = sourcecode.swift; path = FilterDataStructures.swift; sourceTree = "<group>"; };
		EB7383A9258A70AC0025864B /* SearchPhrase.swift */ = {isa = PBXFileReference; lastKnownFileType = sourcecode.swift; path = SearchPhrase.swift; sourceTree = "<group>"; };
		EBA0931A25A911A500F070BC /* TextGenerators.swift */ = {isa = PBXFileReference; lastKnownFileType = sourcecode.swift; path = TextGenerators.swift; sourceTree = "<group>"; };
		EBAB4B9C25680F9F00ABF623 /* AsyncImage.swift */ = {isa = PBXFileReference; lastKnownFileType = sourcecode.swift; path = AsyncImage.swift; sourceTree = "<group>"; };
		EBADDEC1255743A3008AD1C5 /* FeedProviderSettingsView.swift */ = {isa = PBXFileReference; lastKnownFileType = sourcecode.swift; path = FeedProviderSettingsView.swift; sourceTree = "<group>"; };
		EBEFF55025B9A89100B734A0 /* Savable_Protocol.swift */ = {isa = PBXFileReference; lastKnownFileType = sourcecode.swift; path = Savable_Protocol.swift; sourceTree = "<group>"; };
		EBEFF56425B9C3ED00B734A0 /* tr */ = {isa = PBXFileReference; lastKnownFileType = text.plist.strings; name = tr; path = tr.lproj/Localizable.strings; sourceTree = "<group>"; };
		EBFD7B7525B0E7D5003A726E /* en */ = {isa = PBXFileReference; lastKnownFileType = text.plist.strings; name = en; path = en.lproj/Localizable.strings; sourceTree = "<group>"; };
		EBFD7B7A25B0E815003A726E /* de */ = {isa = PBXFileReference; lastKnownFileType = text.plist.strings; name = de; path = de.lproj/Localizable.strings; sourceTree = "<group>"; };
/* End PBXFileReference section */

/* Begin PBXFrameworksBuildPhase section */
		1BA30E8A25A495100048FA60 /* Frameworks */ = {
			isa = PBXFrameworksBuildPhase;
			buildActionMask = 2147483647;
			files = (
				1BA30EAC25A495550048FA60 /* XMLCoder in Frameworks */,
			);
			runOnlyForDeploymentPostprocessing = 0;
		};
		1BD2A3C0254B036E00FCA510 /* Frameworks */ = {
			isa = PBXFrameworksBuildPhase;
			buildActionMask = 2147483647;
			files = (
				7C9C4A8325924AB20025BBBC /* XMLCoder in Frameworks */,
			);
			runOnlyForDeploymentPostprocessing = 0;
		};
		1BD2A3D6254B036F00FCA510 /* Frameworks */ = {
			isa = PBXFrameworksBuildPhase;
			buildActionMask = 2147483647;
			files = (
			);
			runOnlyForDeploymentPostprocessing = 0;
		};
		1BD2A3E1254B036F00FCA510 /* Frameworks */ = {
			isa = PBXFrameworksBuildPhase;
			buildActionMask = 2147483647;
			files = (
			);
			runOnlyForDeploymentPostprocessing = 0;
		};
/* End PBXFrameworksBuildPhase section */

/* Begin PBXGroup section */
		1BA30E8E25A495100048FA60 /* Mac_RSS_Reader */ = {
			isa = PBXGroup;
			children = (
				1B572E3325A4B20D00CA8A1B /* ArticleList.swift */,
				1B12DFE625A894E90068ED15 /* ArticleView.swift */,
				1BA30E9125A495100048FA60 /* ContentView.swift */,
				1B572E4E25A4B35300CA8A1B /* CollectionDetailsSettingsView.swift */,
				1B572E4C25A4B35300CA8A1B /* CollectionSettingsView.swift */,
				1B572E4B25A4B35300CA8A1B /* FeedEditSettingsView.swift */,
				1B572E4D25A4B35300CA8A1B /* FeedProviderSettingsView.swift */,
				1B572E4F25A4B35300CA8A1B /* AddFeedView.swift */,
				1B572E5025A4B35300CA8A1B /* SettingsView.swift */,
				1B572E7925A4CFF900CA8A1B /* SideMenuView.swift */,
				1BA30E9825A495120048FA60 /* Persistence.swift */,
				1BA30E9D25A495120048FA60 /* Info.plist */,
				1BA30E9E25A495120048FA60 /* Mac_RSS_Reader.entitlements */,
				1BA30E9A25A495120048FA60 /* Mac_RSS_Reader.xcdatamodeld */,
				1BA30E9525A495120048FA60 /* Preview Content */,
			);
			path = Mac_RSS_Reader;
			sourceTree = "<group>";
		};
		1BA30E9525A495120048FA60 /* Preview Content */ = {
			isa = PBXGroup;
			children = (
				1BA30E9625A495120048FA60 /* Preview Assets.xcassets */,
			);
			path = "Preview Content";
			sourceTree = "<group>";
		};
		1BA30EAA25A495550048FA60 /* Frameworks */ = {
			isa = PBXGroup;
			children = (
			);
			name = Frameworks;
			sourceTree = "<group>";
		};
		1BBFF7DC2552E4080091541B /* Ressources */ = {
			isa = PBXGroup;
			children = (
			);
			name = Ressources;
			sourceTree = "<group>";
		};
		1BD2A3BA254B036E00FCA510 = {
			isa = PBXGroup;
			children = (
				1BD2A3C5254B036E00FCA510 /* RSS_Reader */,
				1BD2A3DC254B036F00FCA510 /* RSS_ReaderTests */,
				1BD2A3E7254B036F00FCA510 /* RSS_ReaderUITests */,
				1BA30E8E25A495100048FA60 /* Mac_RSS_Reader */,
				1BD2A3C4254B036E00FCA510 /* Products */,
				1BA30EAA25A495550048FA60 /* Frameworks */,
			);
			sourceTree = "<group>";
		};
		1BD2A3C4254B036E00FCA510 /* Products */ = {
			isa = PBXGroup;
			children = (
				1BD2A3C3254B036E00FCA510 /* RSS_Reader.app */,
				1BD2A3D9254B036F00FCA510 /* RSS_ReaderTests.xctest */,
				1BD2A3E4254B036F00FCA510 /* RSS_ReaderUITests.xctest */,
				1BA30E8D25A495100048FA60 /* Mac_RSS_Reader.app */,
			);
			name = Products;
			sourceTree = "<group>";
		};
		1BD2A3C5254B036E00FCA510 /* RSS_Reader */ = {
			isa = PBXGroup;
			children = (
				7C53046F261F7F8D0047C070 /* Extensions */,
				EB8DF7BB25D1554300A80C69 /* Modifiers */,
				EBAB4B9B25680F6B00ABF623 /* HelperClasses */,
				EB8DF7B725D13B4500A80C69 /* HelperViews */,
				EB8DF7B625D13B2C00A80C69 /* Datastructures */,
				EB8DF7B525D13B2300A80C69 /* Views */,
				1BBFF7DC2552E4080091541B /* Ressources */,
				1BD2A3CC254B036F00FCA510 /* Preview Content */,
				1BD2A3CA254B036F00FCA510 /* Assets.xcassets */,
				EBFD7B7625B0E7D5003A726E /* Localizable.strings */,
				1BD2A3D4254B036F00FCA510 /* Info.plist */,
				1BD2A484254B177B00FCA510 /* RSS_Reader.entitlements */,
				1BD2A3D1254B036F00FCA510 /* RSS_Reader.xcdatamodeld */,
				1BD2A3C6254B036E00FCA510 /* RSS_ReaderApp.swift */,
				1BBFF80C25532AD20091541B /* ArticleListRow.swift */,
				1BC46CA32556CD1A0029D436 /* ArticleList.swift */,
				EB08E11E254D7BAD00006B70 /* ArticleView.swift */,
				1BC46CB325576D0C0029D436 /* RefreshableScrollView.swift */,
				7C9C4A87259269100025BBBC /* MainView.swift */,
				EB08E123254D7BD200006B70 /* DummyDetailView.swift */,
				1BD2A3C8254B036E00FCA510 /* ContentView.swift */,
				EB08E128254D7BF000006B70 /* ListEntryView.swift */,
				EB3F6AAF2552F9F2003FA72F /* FeedSettingsView.swift */,
				EB3F6AAA2552F7F0003FA72F /* SettingsView.swift */,
				C50DDE7625680F7A00A2A1DA /* CollectionSettingsView.swift */,
				EBADDEC1255743A3008AD1C5 /* FeedProviderSettingsView.swift */,
				1B68EA3C255B32BE00504207 /* FeedEditSettingsView.swift */,
				EB08E12D254D7C1200006B70 /* SideMenuView.swift */,
				C5EE54052586A8EF00174230 /* CollectionDetailsSettingsView.swift */,
				1BD2A3CF254B036F00FCA510 /* Persistence.swift */,
				EB08E138254D7EBD00006B70 /* Model.swift */,
				EB6702DE254D983A006BD9C1 /* ArticleDataStructures.swift */,
				EB6702E6254DA694006BD9C1 /* FeedDataStructures.swift */,
				EB6702EB254DABE6006BD9C1 /* FilterDataStructures.swift */,
				C50DDE5D25652F1D00A2A1DA /* CollectionDataStructur.swift */,
				1B3F89F825894AD100B6F9CA /* Errors.swift */,
				EB40038125A333FA00FA87DB /* AddFeedView.swift */,
				7C91656325BAF7D90017FE3C /* DefaultListEntryView.swift */,
				7C91656B25BB13300017FE3C /* NavigationViewStyleModifier.swift */,
				7C86307125BC49F9008EB6F0 /* DefaultScreenLayoutModifier.swift */,
				7CC52C2925C1B2FF00DA2100 /* CDButton.swift */,
				7CC52C2E25C1B7E400DA2100 /* ECButton.swift */,
				7CC52C4725C1C3B100DA2100 /* SystemImage.swift */,
				7CC52C4C25C1EC4700DA2100 /* CustomImage.swift */,
				7CC52C5125C1F8E200DA2100 /* ImageStyle.swift */,
				7CC52C5625C20ED900DA2100 /* ImageSize.swift */,
				7CC52C5B25C20F2D00DA2100 /* CustomSystemImage.swift */,
				7C22853425C2EA1F00FC6EE9 /* CustomTextfield.swift */,
				7C22853925C2FA2300FC6EE9 /* TButton.swift */,
			);
			path = RSS_Reader;
			sourceTree = "<group>";
		};
		1BD2A3CC254B036F00FCA510 /* Preview Content */ = {
			isa = PBXGroup;
			children = (
				1BD2A3CD254B036F00FCA510 /* Preview Assets.xcassets */,
			);
			path = "Preview Content";
			sourceTree = "<group>";
		};
		1BD2A3DC254B036F00FCA510 /* RSS_ReaderTests */ = {
			isa = PBXGroup;
			children = (
				1BD2A3DD254B036F00FCA510 /* RSS_ReaderTests.swift */,
				1BD2A3DF254B036F00FCA510 /* Info.plist */,
			);
			path = RSS_ReaderTests;
			sourceTree = "<group>";
		};
		1BD2A3E7254B036F00FCA510 /* RSS_ReaderUITests */ = {
			isa = PBXGroup;
			children = (
				1BD2A3E8254B036F00FCA510 /* RSS_ReaderUITests.swift */,
				1BD2A3EA254B036F00FCA510 /* Info.plist */,
			);
			path = RSS_ReaderUITests;
			sourceTree = "<group>";
		};
		7C53046F261F7F8D0047C070 /* Extensions */ = {
			isa = PBXGroup;
			children = (
				C5813EC725A096290009F7F0 /* Extensions.swift */,
				7C6931A32616C5B300715157 /* Date_Extension.swift */,
			);
			path = Extensions;
			sourceTree = "<group>";
		};
		EB1D4A1E25D30D650071EC17 /* Main */ = {
			isa = PBXGroup;
			children = (
				1BC46CB325576D0C0029D436 /* RefreshableScrollView.swift */,
				1BD2A3C8254B036E00FCA510 /* ContentView.swift */,
				7C9C4A87259269100025BBBC /* MainView.swift */,
				1BBFF80C25532AD20091541B /* ArticleListRow.swift */,
				1BC46CA32556CD1A0029D436 /* ArticleList.swift */,
				EB08E12D254D7C1200006B70 /* SideMenuView.swift */,
			);
			path = Main;
			sourceTree = "<group>";
		};
		EB1D4A1F25D30D6B0071EC17 /* Settings */ = {
			isa = PBXGroup;
			children = (
				C5EE54052586A8EF00174230 /* CollectionDetailsSettingsView.swift */,
				EB40038125A333FA00FA87DB /* AddFeedView.swift */,
				EB3F6AAF2552F9F2003FA72F /* FeedSettingsView.swift */,
				EB3F6AAA2552F7F0003FA72F /* SettingsView.swift */,
				C50DDE7625680F7A00A2A1DA /* CollectionSettingsView.swift */,
				EBADDEC1255743A3008AD1C5 /* FeedProviderSettingsView.swift */,
				1B68EA3C255B32BE00504207 /* FeedEditSettingsView.swift */,
			);
			path = Settings;
			sourceTree = "<group>";
		};
		EB1D4A2025D30D740071EC17 /* Reader */ = {
			isa = PBXGroup;
			children = (
				EB08E11E254D7BAD00006B70 /* ArticleView.swift */,
			);
			path = Reader;
			sourceTree = "<group>";
		};
		EB8DF7B525D13B2300A80C69 /* Views */ = {
			isa = PBXGroup;
			children = (
				EB1D4A2025D30D740071EC17 /* Reader */,
				EB1D4A1F25D30D6B0071EC17 /* Settings */,
				EB1D4A1E25D30D650071EC17 /* Main */,
			);
			path = Views;
			sourceTree = "<group>";
		};
		EB8DF7B625D13B2C00A80C69 /* Datastructures */ = {
			isa = PBXGroup;
			children = (
				EB08E138254D7EBD00006B70 /* Model.swift */,
				EB6702DE254D983A006BD9C1 /* ArticleDataStructures.swift */,
				EB6702E6254DA694006BD9C1 /* FeedDataStructures.swift */,
				EB6702EB254DABE6006BD9C1 /* FilterDataStructures.swift */,
				C50DDE5D25652F1D00A2A1DA /* CollectionDataStructures.swift */,
			);
			path = Datastructures;
			sourceTree = "<group>";
		};
		EB8DF7B725D13B4500A80C69 /* HelperViews */ = {
			isa = PBXGroup;
			children = (
				7C91656325BAF7D90017FE3C /* DefaultListEntryView.swift */,
				EB08E123254D7BD200006B70 /* DummyDetailView.swift */,
				7CC52C2925C1B2FF00DA2100 /* CDButton.swift */,
				7CC52C2E25C1B7E400DA2100 /* ECButton.swift */,
				7CC52C4725C1C3B100DA2100 /* SystemImage.swift */,
				7CC52C4C25C1EC4700DA2100 /* CustomImage.swift */,
				7CC52C5B25C20F2D00DA2100 /* CustomSystemImage.swift */,
				7C22853425C2EA1F00FC6EE9 /* CustomTextfield.swift */,
				7C22853925C2FA2300FC6EE9 /* TButton.swift */,
				7CB831DB2628A5ED00F41B92 /* ScrollViewOffset.swift */,
				7CB831E02628A96200F41B92 /* WaitingButton.swift */,
			);
			path = HelperViews;
			sourceTree = "<group>";
		};
		EB8DF7BB25D1554300A80C69 /* Modifiers */ = {
			isa = PBXGroup;
			children = (
				7C91656B25BB13300017FE3C /* NavigationViewStyleModifier.swift */,
				7C86307125BC49F9008EB6F0 /* DefaultScreenLayoutModifier.swift */,
			);
			path = Modifiers;
			sourceTree = "<group>";
		};
		EBAB4B9B25680F6B00ABF623 /* HelperClasses */ = {
			isa = PBXGroup;
			children = (
				7CC52C5125C1F8E200DA2100 /* ImageStyle.swift */,
				7CC52C5625C20ED900DA2100 /* ImageSize.swift */,
				1B3F89F825894AD100B6F9CA /* Errors.swift */,
				EBAB4B9C25680F9F00ABF623 /* AsyncImage.swift */,
				1B55A96C257134CE001485DD /* FeedParser.swift */,
				EB7383A9258A70AC0025864B /* SearchPhrase.swift */,
				EB40034F259E12CD00FA87DB /* FeedDetector.swift */,
				EBA0931A25A911A500F070BC /* TextGenerators.swift */,
				EBEFF55025B9A89100B734A0 /* Savable_Protocol.swift */,
			);
			path = HelperClasses;
			sourceTree = "<group>";
		};
/* End PBXGroup section */

/* Begin PBXNativeTarget section */
		1BA30E8C25A495100048FA60 /* Mac_RSS_Reader */ = {
			isa = PBXNativeTarget;
			buildConfigurationList = 1BA30EA125A495120048FA60 /* Build configuration list for PBXNativeTarget "Mac_RSS_Reader" */;
			buildPhases = (
				1BA30E8925A495100048FA60 /* Sources */,
				1BA30E8A25A495100048FA60 /* Frameworks */,
				1BA30E8B25A495100048FA60 /* Resources */,
			);
			buildRules = (
			);
			dependencies = (
				1BA30EAF25A495550048FA60 /* PBXTargetDependency */,
			);
			name = Mac_RSS_Reader;
			packageProductDependencies = (
				1BA30EAB25A495550048FA60 /* XMLCoder */,
			);
			productName = Mac_RSS_Reader;
			productReference = 1BA30E8D25A495100048FA60 /* Mac_RSS_Reader.app */;
			productType = "com.apple.product-type.application";
		};
		1BD2A3C2254B036E00FCA510 /* RSS_Reader */ = {
			isa = PBXNativeTarget;
			buildConfigurationList = 1BD2A3ED254B036F00FCA510 /* Build configuration list for PBXNativeTarget "RSS_Reader" */;
			buildPhases = (
				1BD2A3BF254B036E00FCA510 /* Sources */,
				1BD2A3C0254B036E00FCA510 /* Frameworks */,
				1BD2A3C1254B036E00FCA510 /* Resources */,
			);
			buildRules = (
			);
			dependencies = (
			);
			name = RSS_Reader;
			packageProductDependencies = (
				EB3F6ABA2554046F003FA72F /* XMLCoder */,
			);
			productName = RSS_Reader;
			productReference = 1BD2A3C3254B036E00FCA510 /* RSS_Reader.app */;
			productType = "com.apple.product-type.application";
		};
		1BD2A3D8254B036F00FCA510 /* RSS_ReaderTests */ = {
			isa = PBXNativeTarget;
			buildConfigurationList = 1BD2A3F0254B036F00FCA510 /* Build configuration list for PBXNativeTarget "RSS_ReaderTests" */;
			buildPhases = (
				1BD2A3D5254B036F00FCA510 /* Sources */,
				1BD2A3D6254B036F00FCA510 /* Frameworks */,
				1BD2A3D7254B036F00FCA510 /* Resources */,
			);
			buildRules = (
			);
			dependencies = (
				1BD2A3DB254B036F00FCA510 /* PBXTargetDependency */,
			);
			name = RSS_ReaderTests;
			productName = RSS_ReaderTests;
			productReference = 1BD2A3D9254B036F00FCA510 /* RSS_ReaderTests.xctest */;
			productType = "com.apple.product-type.bundle.unit-test";
		};
		1BD2A3E3254B036F00FCA510 /* RSS_ReaderUITests */ = {
			isa = PBXNativeTarget;
			buildConfigurationList = 1BD2A3F3254B036F00FCA510 /* Build configuration list for PBXNativeTarget "RSS_ReaderUITests" */;
			buildPhases = (
				1BD2A3E0254B036F00FCA510 /* Sources */,
				1BD2A3E1254B036F00FCA510 /* Frameworks */,
				1BD2A3E2254B036F00FCA510 /* Resources */,
			);
			buildRules = (
			);
			dependencies = (
				1BD2A3E6254B036F00FCA510 /* PBXTargetDependency */,
			);
			name = RSS_ReaderUITests;
			productName = RSS_ReaderUITests;
			productReference = 1BD2A3E4254B036F00FCA510 /* RSS_ReaderUITests.xctest */;
			productType = "com.apple.product-type.bundle.ui-testing";
		};
/* End PBXNativeTarget section */

/* Begin PBXProject section */
		1BD2A3BB254B036E00FCA510 /* Project object */ = {
			isa = PBXProject;
			attributes = {
				CLASSPREFIX = "";
				LastSwiftUpdateCheck = 1230;
				LastUpgradeCheck = 1230;
				ORGANIZATIONNAME = "";
				TargetAttributes = {
					1BA30E8C25A495100048FA60 = {
						CreatedOnToolsVersion = 12.3;
					};
					1BD2A3C2254B036E00FCA510 = {
						CreatedOnToolsVersion = 12.1;
					};
					1BD2A3D8254B036F00FCA510 = {
						CreatedOnToolsVersion = 12.1;
						TestTargetID = 1BD2A3C2254B036E00FCA510;
					};
					1BD2A3E3254B036F00FCA510 = {
						CreatedOnToolsVersion = 12.1;
						TestTargetID = 1BD2A3C2254B036E00FCA510;
					};
				};
			};
			buildConfigurationList = 1BD2A3BE254B036E00FCA510 /* Build configuration list for PBXProject "RSS_Reader" */;
			compatibilityVersion = "Xcode 9.3";
			developmentRegion = en;
			hasScannedForEncodings = 0;
			knownRegions = (
				en,
				Base,
				de,
				tr,
			);
			mainGroup = 1BD2A3BA254B036E00FCA510;
			packageReferences = (
				EB3F6AB92554046E003FA72F /* XCRemoteSwiftPackageReference "XMLCoder" */,
			);
			productRefGroup = 1BD2A3C4254B036E00FCA510 /* Products */;
			projectDirPath = "";
			projectRoot = "";
			targets = (
				1BD2A3C2254B036E00FCA510 /* RSS_Reader */,
				1BD2A3D8254B036F00FCA510 /* RSS_ReaderTests */,
				1BD2A3E3254B036F00FCA510 /* RSS_ReaderUITests */,
				1BA30E8C25A495100048FA60 /* Mac_RSS_Reader */,
			);
		};
/* End PBXProject section */

/* Begin PBXResourcesBuildPhase section */
		1BA30E8B25A495100048FA60 /* Resources */ = {
			isa = PBXResourcesBuildPhase;
			buildActionMask = 2147483647;
			files = (
				1BA30E9725A495120048FA60 /* Preview Assets.xcassets in Resources */,
				1BA30EB425A495650048FA60 /* Assets.xcassets in Resources */,
				1BA30EAD25A495550048FA60 /* RSS_Reader.app in Resources */,
			);
			runOnlyForDeploymentPostprocessing = 0;
		};
		1BD2A3C1254B036E00FCA510 /* Resources */ = {
			isa = PBXResourcesBuildPhase;
			buildActionMask = 2147483647;
			files = (
				1BD2A3CE254B036F00FCA510 /* Preview Assets.xcassets in Resources */,
				EBFD7B7425B0E7D5003A726E /* Localizable.strings in Resources */,
				1BD2A3CB254B036F00FCA510 /* Assets.xcassets in Resources */,
			);
			runOnlyForDeploymentPostprocessing = 0;
		};
		1BD2A3D7254B036F00FCA510 /* Resources */ = {
			isa = PBXResourcesBuildPhase;
			buildActionMask = 2147483647;
			files = (
			);
			runOnlyForDeploymentPostprocessing = 0;
		};
		1BD2A3E2254B036F00FCA510 /* Resources */ = {
			isa = PBXResourcesBuildPhase;
			buildActionMask = 2147483647;
			files = (
			);
			runOnlyForDeploymentPostprocessing = 0;
		};
/* End PBXResourcesBuildPhase section */

/* Begin PBXSourcesBuildPhase section */
		1BA30E8925A495100048FA60 /* Sources */ = {
			isa = PBXSourcesBuildPhase;
			buildActionMask = 2147483647;
			files = (
				1B572E7A25A4CFF900CA8A1B /* SideMenuView.swift in Sources */,
				1B64288B25AA420800E0610C /* AddFeedView.swift in Sources */,
				1B572E5125A4B35300CA8A1B /* FeedEditSettingsView.swift in Sources */,
				1B83D53625A617F5009A5EE7 /* AsyncImage.swift in Sources */,
				1BA30EB925A496DD0048FA60 /* FeedParser.swift in Sources */,
				1BA30EC125A496F10048FA60 /* CollectionDataStructur.swift in Sources */,
				1BA30E9925A495120048FA60 /* Persistence.swift in Sources */,
				1BA30EC925A496F10048FA60 /* Errors.swift in Sources */,
				1BA30ED225A496F10048FA60 /* FilterDataStructures.swift in Sources */,
				1BA30EBA25A496DD0048FA60 /* SearchPhrase.swift in Sources */,
				1BA30EC625A496F10048FA60 /* FeedDataStructures.swift in Sources */,
				1BA30E9C25A495120048FA60 /* Mac_RSS_Reader.xcdatamodeld in Sources */,
				1B12DFFD25A897670068ED15 /* ArticleList.swift in Sources */,
				1B572E5425A4B35300CA8A1B /* CollectionDetailsSettingsView.swift in Sources */,
				1B572E5225A4B35300CA8A1B /* CollectionSettingsView.swift in Sources */,
				1B572E5325A4B35300CA8A1B /* FeedProviderSettingsView.swift in Sources */,
				1BA30EC425A496F10048FA60 /* RSS_ReaderApp.swift in Sources */,
				1B12DFE725A894E90068ED15 /* ArticleView.swift in Sources */,
				1BA30ED425A496F10048FA60 /* ArticleDataStructures.swift in Sources */,
				1B83D53F25A61F9D009A5EE7 /* DummyDetailView.swift in Sources */,
				1B572E5625A4B35300CA8A1B /* SettingsView.swift in Sources */,
				1B64286B25AA05FF00E0610C /* ArticleListRow.swift in Sources */,
				1BA30ECC25A496F10048FA60 /* Model.swift in Sources */,
				1BA30E9225A495100048FA60 /* ContentView.swift in Sources */,
			);
			runOnlyForDeploymentPostprocessing = 0;
		};
		1BD2A3BF254B036E00FCA510 /* Sources */ = {
			isa = PBXSourcesBuildPhase;
			buildActionMask = 2147483647;
			files = (
				EBEFF55125B9A89100B734A0 /* Savable_Protocol.swift in Sources */,
				1BD2A3D0254B036F00FCA510 /* Persistence.swift in Sources */,
				7CC52C2F25C1B7E400DA2100 /* ECButton.swift in Sources */,
				C5813EC825A096290009F7F0 /* Extensions.swift in Sources */,
				EB6702E7254DA694006BD9C1 /* FeedDataStructures.swift in Sources */,
				7CC52C2A25C1B2FF00DA2100 /* CDButton.swift in Sources */,
				EBA0931B25A911A500F070BC /* TextGenerators.swift in Sources */,
				7C6931A42616C5B300715157 /* Date_Extension.swift in Sources */,
				7C91656425BAF7D90017FE3C /* DefaultListEntryView.swift in Sources */,
				EB08E12E254D7C1200006B70 /* SideMenuView.swift in Sources */,
				EB40038225A333FA00FA87DB /* AddFeedView.swift in Sources */,
				7CC52C5225C1F8E200DA2100 /* ImageStyle.swift in Sources */,
				EB08E124254D7BD200006B70 /* DummyDetailView.swift in Sources */,
				1B3F89F925894AD100B6F9CA /* Errors.swift in Sources */,
				1BD2A3D3254B036F00FCA510 /* RSS_Reader.xcdatamodeld in Sources */,
				1BD2A3C9254B036E00FCA510 /* ContentView.swift in Sources */,
				7C22853525C2EA1F00FC6EE9 /* CustomTextfield.swift in Sources */,
				7CC52C4825C1C3B100DA2100 /* SystemImage.swift in Sources */,
				1BBFF80D25532AD30091541B /* ArticleListRow.swift in Sources */,
				EBAB4B9D25680F9F00ABF623 /* AsyncImage.swift in Sources */,
				EB3F6AAB2552F7F0003FA72F /* SettingsView.swift in Sources */,
				7CB831E12628A96200F41B92 /* WaitingButton.swift in Sources */,
				EB400350259E12CD00FA87DB /* FeedDetector.swift in Sources */,
				7CC52C5C25C20F2D00DA2100 /* CustomSystemImage.swift in Sources */,
				EBADDEC2255743A3008AD1C5 /* FeedProviderSettingsView.swift in Sources */,
				EB6702EC254DABE6006BD9C1 /* FilterDataStructures.swift in Sources */,
				C50DDE5E25652F1D00A2A1DA /* CollectionDataStructures.swift in Sources */,
				1B55A96D257134CE001485DD /* FeedParser.swift in Sources */,
				EB6702DF254D983A006BD9C1 /* ArticleDataStructures.swift in Sources */,
				7CB831DC2628A5ED00F41B92 /* ScrollViewOffset.swift in Sources */,
				EB3F6AB02552F9F2003FA72F /* FeedSettingsView.swift in Sources */,
				1BEAC5D225A9DC440067C440 /* ArticleView.swift in Sources */,
				EB08E139254D7EBD00006B70 /* Model.swift in Sources */,
				1BC46CA42556CD1A0029D436 /* ArticleList.swift in Sources */,
				7C9C4A88259269100025BBBC /* MainView.swift in Sources */,
				C50DDE7725680F7B00A2A1DA /* CollectionSettingsView.swift in Sources */,
				7CC52C4D25C1EC4700DA2100 /* CustomImage.swift in Sources */,
				C5EE54062586A8EF00174230 /* CollectionDetailsSettingsView.swift in Sources */,
				1BD2A3C7254B036E00FCA510 /* RSS_ReaderApp.swift in Sources */,
				7C91656C25BB13300017FE3C /* NavigationViewStyleModifier.swift in Sources */,
				7C86307225BC49F9008EB6F0 /* DefaultScreenLayoutModifier.swift in Sources */,
				1B68EA3D255B32BE00504207 /* FeedEditSettingsView.swift in Sources */,
				7CC52C5725C20ED900DA2100 /* ImageSize.swift in Sources */,
				EB7383AA258A70AC0025864B /* SearchPhrase.swift in Sources */,
				1BC46CB425576D0C0029D436 /* RefreshableScrollView.swift in Sources */,
				7C22853A25C2FA2300FC6EE9 /* TButton.swift in Sources */,
			);
			runOnlyForDeploymentPostprocessing = 0;
		};
		1BD2A3D5254B036F00FCA510 /* Sources */ = {
			isa = PBXSourcesBuildPhase;
			buildActionMask = 2147483647;
			files = (
				1BD2A3DE254B036F00FCA510 /* RSS_ReaderTests.swift in Sources */,
			);
			runOnlyForDeploymentPostprocessing = 0;
		};
		1BD2A3E0254B036F00FCA510 /* Sources */ = {
			isa = PBXSourcesBuildPhase;
			buildActionMask = 2147483647;
			files = (
				1BD2A3E9254B036F00FCA510 /* RSS_ReaderUITests.swift in Sources */,
			);
			runOnlyForDeploymentPostprocessing = 0;
		};
/* End PBXSourcesBuildPhase section */

/* Begin PBXTargetDependency section */
		1BA30EAF25A495550048FA60 /* PBXTargetDependency */ = {
			isa = PBXTargetDependency;
			target = 1BD2A3C2254B036E00FCA510 /* RSS_Reader */;
			targetProxy = 1BA30EAE25A495550048FA60 /* PBXContainerItemProxy */;
		};
		1BD2A3DB254B036F00FCA510 /* PBXTargetDependency */ = {
			isa = PBXTargetDependency;
			target = 1BD2A3C2254B036E00FCA510 /* RSS_Reader */;
			targetProxy = 1BD2A3DA254B036F00FCA510 /* PBXContainerItemProxy */;
		};
		1BD2A3E6254B036F00FCA510 /* PBXTargetDependency */ = {
			isa = PBXTargetDependency;
			target = 1BD2A3C2254B036E00FCA510 /* RSS_Reader */;
			targetProxy = 1BD2A3E5254B036F00FCA510 /* PBXContainerItemProxy */;
		};
/* End PBXTargetDependency section */

/* Begin PBXVariantGroup section */
		EBFD7B7625B0E7D5003A726E /* Localizable.strings */ = {
			isa = PBXVariantGroup;
			children = (
				EBFD7B7525B0E7D5003A726E /* en */,
				EBFD7B7A25B0E815003A726E /* de */,
				EBEFF56425B9C3ED00B734A0 /* tr */,
			);
			name = Localizable.strings;
			sourceTree = "<group>";
		};
/* End PBXVariantGroup section */

/* Begin XCBuildConfiguration section */
		1BA30E9F25A495120048FA60 /* Debug */ = {
			isa = XCBuildConfiguration;
			buildSettings = {
				ASSETCATALOG_COMPILER_APPICON_NAME = AppIcon;
				ASSETCATALOG_COMPILER_GLOBAL_ACCENT_COLOR_NAME = AccentColor;
				CODE_SIGN_ENTITLEMENTS = Mac_RSS_Reader/Mac_RSS_Reader.entitlements;
				CODE_SIGN_IDENTITY = "-";
				CODE_SIGN_STYLE = Automatic;
				COMBINE_HIDPI_IMAGES = YES;
				DEVELOPMENT_ASSET_PATHS = "\"Mac_RSS_Reader/Preview Content\"";
				DEVELOPMENT_TEAM = 7H3X64CV7G;
				ENABLE_PREVIEWS = YES;
				INFOPLIST_FILE = Mac_RSS_Reader/Info.plist;
				LD_RUNPATH_SEARCH_PATHS = (
					"$(inherited)",
					"@executable_path/../Frameworks",
				);
				MACOSX_DEPLOYMENT_TARGET = 11.1;
				PRODUCT_BUNDLE_IDENTIFIER = "com.beuth.project.Mac-RSS-Reader";
				PRODUCT_NAME = "$(TARGET_NAME)";
				SDKROOT = macosx;
				SWIFT_VERSION = 5.0;
			};
			name = Debug;
		};
		1BA30EA025A495120048FA60 /* Release */ = {
			isa = XCBuildConfiguration;
			buildSettings = {
				ASSETCATALOG_COMPILER_APPICON_NAME = AppIcon;
				ASSETCATALOG_COMPILER_GLOBAL_ACCENT_COLOR_NAME = AccentColor;
				CODE_SIGN_ENTITLEMENTS = Mac_RSS_Reader/Mac_RSS_Reader.entitlements;
				CODE_SIGN_IDENTITY = "-";
				CODE_SIGN_STYLE = Automatic;
				COMBINE_HIDPI_IMAGES = YES;
				DEVELOPMENT_ASSET_PATHS = "\"Mac_RSS_Reader/Preview Content\"";
				DEVELOPMENT_TEAM = 7H3X64CV7G;
				ENABLE_PREVIEWS = YES;
				INFOPLIST_FILE = Mac_RSS_Reader/Info.plist;
				LD_RUNPATH_SEARCH_PATHS = (
					"$(inherited)",
					"@executable_path/../Frameworks",
				);
				MACOSX_DEPLOYMENT_TARGET = 11.1;
				PRODUCT_BUNDLE_IDENTIFIER = "com.beuth.project.Mac-RSS-Reader";
				PRODUCT_NAME = "$(TARGET_NAME)";
				SDKROOT = macosx;
				SWIFT_VERSION = 5.0;
			};
			name = Release;
		};
		1BD2A3EB254B036F00FCA510 /* Debug */ = {
			isa = XCBuildConfiguration;
			buildSettings = {
				ALWAYS_SEARCH_USER_PATHS = NO;
				CLANG_ANALYZER_LOCALIZABILITY_NONLOCALIZED = YES;
				CLANG_ANALYZER_NONNULL = YES;
				CLANG_ANALYZER_NUMBER_OBJECT_CONVERSION = YES_AGGRESSIVE;
				CLANG_CXX_LANGUAGE_STANDARD = "gnu++14";
				CLANG_CXX_LIBRARY = "libc++";
				CLANG_ENABLE_MODULES = YES;
				CLANG_ENABLE_OBJC_ARC = YES;
				CLANG_ENABLE_OBJC_WEAK = YES;
				CLANG_WARN_BLOCK_CAPTURE_AUTORELEASING = YES;
				CLANG_WARN_BOOL_CONVERSION = YES;
				CLANG_WARN_COMMA = YES;
				CLANG_WARN_CONSTANT_CONVERSION = YES;
				CLANG_WARN_DEPRECATED_OBJC_IMPLEMENTATIONS = YES;
				CLANG_WARN_DIRECT_OBJC_ISA_USAGE = YES_ERROR;
				CLANG_WARN_DOCUMENTATION_COMMENTS = YES;
				CLANG_WARN_EMPTY_BODY = YES;
				CLANG_WARN_ENUM_CONVERSION = YES;
				CLANG_WARN_INFINITE_RECURSION = YES;
				CLANG_WARN_INT_CONVERSION = YES;
				CLANG_WARN_NON_LITERAL_NULL_CONVERSION = YES;
				CLANG_WARN_OBJC_IMPLICIT_RETAIN_SELF = YES;
				CLANG_WARN_OBJC_LITERAL_CONVERSION = YES;
				CLANG_WARN_OBJC_ROOT_CLASS = YES_ERROR;
				CLANG_WARN_QUOTED_INCLUDE_IN_FRAMEWORK_HEADER = YES;
				CLANG_WARN_RANGE_LOOP_ANALYSIS = YES;
				CLANG_WARN_STRICT_PROTOTYPES = YES;
				CLANG_WARN_SUSPICIOUS_MOVE = YES;
				CLANG_WARN_UNGUARDED_AVAILABILITY = YES_AGGRESSIVE;
				CLANG_WARN_UNREACHABLE_CODE = YES;
				CLANG_WARN__DUPLICATE_METHOD_MATCH = YES;
				COPY_PHASE_STRIP = NO;
				DEBUG_INFORMATION_FORMAT = dwarf;
				ENABLE_STRICT_OBJC_MSGSEND = YES;
				ENABLE_TESTABILITY = YES;
				GCC_C_LANGUAGE_STANDARD = gnu11;
				GCC_DYNAMIC_NO_PIC = NO;
				GCC_NO_COMMON_BLOCKS = YES;
				GCC_OPTIMIZATION_LEVEL = 0;
				GCC_PREPROCESSOR_DEFINITIONS = (
					"DEBUG=1",
					"$(inherited)",
				);
				GCC_WARN_64_TO_32_BIT_CONVERSION = YES;
				GCC_WARN_ABOUT_RETURN_TYPE = YES_ERROR;
				GCC_WARN_UNDECLARED_SELECTOR = YES;
				GCC_WARN_UNINITIALIZED_AUTOS = YES_AGGRESSIVE;
				GCC_WARN_UNUSED_FUNCTION = YES;
				GCC_WARN_UNUSED_VARIABLE = YES;
				IPHONEOS_DEPLOYMENT_TARGET = 14.1;
				MACOSX_DEPLOYMENT_TARGET = 11.1;
				MTL_ENABLE_DEBUG_INFO = INCLUDE_SOURCE;
				MTL_FAST_MATH = YES;
				ONLY_ACTIVE_ARCH = YES;
				SDKROOT = iphoneos;
				SWIFT_ACTIVE_COMPILATION_CONDITIONS = DEBUG;
				SWIFT_OPTIMIZATION_LEVEL = "-Onone";
			};
			name = Debug;
		};
		1BD2A3EC254B036F00FCA510 /* Release */ = {
			isa = XCBuildConfiguration;
			buildSettings = {
				ALWAYS_SEARCH_USER_PATHS = NO;
				CLANG_ANALYZER_LOCALIZABILITY_NONLOCALIZED = YES;
				CLANG_ANALYZER_NONNULL = YES;
				CLANG_ANALYZER_NUMBER_OBJECT_CONVERSION = YES_AGGRESSIVE;
				CLANG_CXX_LANGUAGE_STANDARD = "gnu++14";
				CLANG_CXX_LIBRARY = "libc++";
				CLANG_ENABLE_MODULES = YES;
				CLANG_ENABLE_OBJC_ARC = YES;
				CLANG_ENABLE_OBJC_WEAK = YES;
				CLANG_WARN_BLOCK_CAPTURE_AUTORELEASING = YES;
				CLANG_WARN_BOOL_CONVERSION = YES;
				CLANG_WARN_COMMA = YES;
				CLANG_WARN_CONSTANT_CONVERSION = YES;
				CLANG_WARN_DEPRECATED_OBJC_IMPLEMENTATIONS = YES;
				CLANG_WARN_DIRECT_OBJC_ISA_USAGE = YES_ERROR;
				CLANG_WARN_DOCUMENTATION_COMMENTS = YES;
				CLANG_WARN_EMPTY_BODY = YES;
				CLANG_WARN_ENUM_CONVERSION = YES;
				CLANG_WARN_INFINITE_RECURSION = YES;
				CLANG_WARN_INT_CONVERSION = YES;
				CLANG_WARN_NON_LITERAL_NULL_CONVERSION = YES;
				CLANG_WARN_OBJC_IMPLICIT_RETAIN_SELF = YES;
				CLANG_WARN_OBJC_LITERAL_CONVERSION = YES;
				CLANG_WARN_OBJC_ROOT_CLASS = YES_ERROR;
				CLANG_WARN_QUOTED_INCLUDE_IN_FRAMEWORK_HEADER = YES;
				CLANG_WARN_RANGE_LOOP_ANALYSIS = YES;
				CLANG_WARN_STRICT_PROTOTYPES = YES;
				CLANG_WARN_SUSPICIOUS_MOVE = YES;
				CLANG_WARN_UNGUARDED_AVAILABILITY = YES_AGGRESSIVE;
				CLANG_WARN_UNREACHABLE_CODE = YES;
				CLANG_WARN__DUPLICATE_METHOD_MATCH = YES;
				COPY_PHASE_STRIP = NO;
				DEBUG_INFORMATION_FORMAT = "dwarf-with-dsym";
				ENABLE_NS_ASSERTIONS = NO;
				ENABLE_STRICT_OBJC_MSGSEND = YES;
				GCC_C_LANGUAGE_STANDARD = gnu11;
				GCC_NO_COMMON_BLOCKS = YES;
				GCC_WARN_64_TO_32_BIT_CONVERSION = YES;
				GCC_WARN_ABOUT_RETURN_TYPE = YES_ERROR;
				GCC_WARN_UNDECLARED_SELECTOR = YES;
				GCC_WARN_UNINITIALIZED_AUTOS = YES_AGGRESSIVE;
				GCC_WARN_UNUSED_FUNCTION = YES;
				GCC_WARN_UNUSED_VARIABLE = YES;
				IPHONEOS_DEPLOYMENT_TARGET = 14.1;
				MACOSX_DEPLOYMENT_TARGET = 11.1;
				MTL_ENABLE_DEBUG_INFO = NO;
				MTL_FAST_MATH = YES;
				SDKROOT = iphoneos;
				SWIFT_COMPILATION_MODE = wholemodule;
				SWIFT_OPTIMIZATION_LEVEL = "-O";
				VALIDATE_PRODUCT = YES;
			};
			name = Release;
		};
		1BD2A3EE254B036F00FCA510 /* Debug */ = {
			isa = XCBuildConfiguration;
			buildSettings = {
				ASSETCATALOG_COMPILER_APPICON_NAME = AppIcon;
				ASSETCATALOG_COMPILER_GLOBAL_ACCENT_COLOR_NAME = AccentColor;
				CODE_SIGN_ENTITLEMENTS = RSS_Reader/RSS_Reader.entitlements;
				CODE_SIGN_IDENTITY = "Apple Development";
				"CODE_SIGN_IDENTITY[sdk=macosx*]" = "Apple Development";
				CODE_SIGN_STYLE = Automatic;
				DEVELOPMENT_ASSET_PATHS = "\"RSS_Reader/Preview Content\"";
				DEVELOPMENT_TEAM = 7H3X64CV7G;
				ENABLE_PREVIEWS = YES;
				INFOPLIST_FILE = RSS_Reader/Info.plist;
				IPHONEOS_DEPLOYMENT_TARGET = 14.0;
				LD_RUNPATH_SEARCH_PATHS = (
					"$(inherited)",
					"@executable_path/Frameworks",
				);
				PRODUCT_BUNDLE_IDENTIFIER = tech.feedolin.rss;
				PRODUCT_NAME = "$(TARGET_NAME)";
				PROVISIONING_PROFILE_SPECIFIER = "";
				SUPPORTS_MACCATALYST = NO;
				SWIFT_VERSION = 5.0;
				TARGETED_DEVICE_FAMILY = "1,2";
			};
			name = Debug;
		};
		1BD2A3EF254B036F00FCA510 /* Release */ = {
			isa = XCBuildConfiguration;
			buildSettings = {
				ASSETCATALOG_COMPILER_APPICON_NAME = AppIcon;
				ASSETCATALOG_COMPILER_GLOBAL_ACCENT_COLOR_NAME = AccentColor;
				CODE_SIGN_ENTITLEMENTS = RSS_Reader/RSS_Reader.entitlements;
				CODE_SIGN_IDENTITY = "Apple Development";
				"CODE_SIGN_IDENTITY[sdk=macosx*]" = "Apple Development";
				CODE_SIGN_STYLE = Automatic;
				DEVELOPMENT_ASSET_PATHS = "\"RSS_Reader/Preview Content\"";
				DEVELOPMENT_TEAM = 7H3X64CV7G;
				ENABLE_PREVIEWS = YES;
				INFOPLIST_FILE = RSS_Reader/Info.plist;
				IPHONEOS_DEPLOYMENT_TARGET = 14.0;
				LD_RUNPATH_SEARCH_PATHS = (
					"$(inherited)",
					"@executable_path/Frameworks",
				);
				PRODUCT_BUNDLE_IDENTIFIER = tech.feedolin.rss;
				PRODUCT_NAME = "$(TARGET_NAME)";
				PROVISIONING_PROFILE_SPECIFIER = "";
				SUPPORTS_MACCATALYST = NO;
				SWIFT_VERSION = 5.0;
				TARGETED_DEVICE_FAMILY = "1,2";
			};
			name = Release;
		};
		1BD2A3F1254B036F00FCA510 /* Debug */ = {
			isa = XCBuildConfiguration;
			buildSettings = {
				ALWAYS_EMBED_SWIFT_STANDARD_LIBRARIES = YES;
				BUNDLE_LOADER = "$(TEST_HOST)";
				CODE_SIGN_STYLE = Automatic;
				DEVELOPMENT_TEAM = P6P399B3AF;
				INFOPLIST_FILE = RSS_ReaderTests/Info.plist;
				IPHONEOS_DEPLOYMENT_TARGET = 14.0;
				LD_RUNPATH_SEARCH_PATHS = (
					"$(inherited)",
					"@executable_path/Frameworks",
					"@loader_path/Frameworks",
				);
				PRODUCT_BUNDLE_IDENTIFIER = "nrssa.RSS-ReaderTests";
				PRODUCT_NAME = "$(TARGET_NAME)";
				SWIFT_VERSION = 5.0;
				TARGETED_DEVICE_FAMILY = "1,2";
				TEST_HOST = "$(BUILT_PRODUCTS_DIR)/RSS_Reader.app/RSS_Reader";
			};
			name = Debug;
		};
		1BD2A3F2254B036F00FCA510 /* Release */ = {
			isa = XCBuildConfiguration;
			buildSettings = {
				ALWAYS_EMBED_SWIFT_STANDARD_LIBRARIES = YES;
				BUNDLE_LOADER = "$(TEST_HOST)";
				CODE_SIGN_STYLE = Automatic;
				DEVELOPMENT_TEAM = P6P399B3AF;
				INFOPLIST_FILE = RSS_ReaderTests/Info.plist;
				IPHONEOS_DEPLOYMENT_TARGET = 14.0;
				LD_RUNPATH_SEARCH_PATHS = (
					"$(inherited)",
					"@executable_path/Frameworks",
					"@loader_path/Frameworks",
				);
				PRODUCT_BUNDLE_IDENTIFIER = "nrssa.RSS-ReaderTests";
				PRODUCT_NAME = "$(TARGET_NAME)";
				SWIFT_VERSION = 5.0;
				TARGETED_DEVICE_FAMILY = "1,2";
				TEST_HOST = "$(BUILT_PRODUCTS_DIR)/RSS_Reader.app/RSS_Reader";
			};
			name = Release;
		};
		1BD2A3F4254B036F00FCA510 /* Debug */ = {
			isa = XCBuildConfiguration;
			buildSettings = {
				ALWAYS_EMBED_SWIFT_STANDARD_LIBRARIES = YES;
				CODE_SIGN_STYLE = Automatic;
				DEVELOPMENT_TEAM = 7H3X64CV7G;
				INFOPLIST_FILE = RSS_ReaderUITests/Info.plist;
				LD_RUNPATH_SEARCH_PATHS = (
					"$(inherited)",
					"@executable_path/Frameworks",
					"@loader_path/Frameworks",
				);
				PRODUCT_BUNDLE_IDENTIFIER = "nrssa.RSS-ReaderUITests";
				PRODUCT_NAME = "$(TARGET_NAME)";
				SWIFT_VERSION = 5.0;
				TARGETED_DEVICE_FAMILY = "1,2";
				TEST_TARGET_NAME = RSS_Reader;
			};
			name = Debug;
		};
		1BD2A3F5254B036F00FCA510 /* Release */ = {
			isa = XCBuildConfiguration;
			buildSettings = {
				ALWAYS_EMBED_SWIFT_STANDARD_LIBRARIES = YES;
				CODE_SIGN_STYLE = Automatic;
				DEVELOPMENT_TEAM = 7H3X64CV7G;
				INFOPLIST_FILE = RSS_ReaderUITests/Info.plist;
				LD_RUNPATH_SEARCH_PATHS = (
					"$(inherited)",
					"@executable_path/Frameworks",
					"@loader_path/Frameworks",
				);
				PRODUCT_BUNDLE_IDENTIFIER = "nrssa.RSS-ReaderUITests";
				PRODUCT_NAME = "$(TARGET_NAME)";
				SWIFT_VERSION = 5.0;
				TARGETED_DEVICE_FAMILY = "1,2";
				TEST_TARGET_NAME = RSS_Reader;
			};
			name = Release;
		};
/* End XCBuildConfiguration section */

/* Begin XCConfigurationList section */
		1BA30EA125A495120048FA60 /* Build configuration list for PBXNativeTarget "Mac_RSS_Reader" */ = {
			isa = XCConfigurationList;
			buildConfigurations = (
				1BA30E9F25A495120048FA60 /* Debug */,
				1BA30EA025A495120048FA60 /* Release */,
			);
			defaultConfigurationIsVisible = 0;
			defaultConfigurationName = Release;
		};
		1BD2A3BE254B036E00FCA510 /* Build configuration list for PBXProject "RSS_Reader" */ = {
			isa = XCConfigurationList;
			buildConfigurations = (
				1BD2A3EB254B036F00FCA510 /* Debug */,
				1BD2A3EC254B036F00FCA510 /* Release */,
			);
			defaultConfigurationIsVisible = 0;
			defaultConfigurationName = Release;
		};
		1BD2A3ED254B036F00FCA510 /* Build configuration list for PBXNativeTarget "RSS_Reader" */ = {
			isa = XCConfigurationList;
			buildConfigurations = (
				1BD2A3EE254B036F00FCA510 /* Debug */,
				1BD2A3EF254B036F00FCA510 /* Release */,
			);
			defaultConfigurationIsVisible = 0;
			defaultConfigurationName = Release;
		};
		1BD2A3F0254B036F00FCA510 /* Build configuration list for PBXNativeTarget "RSS_ReaderTests" */ = {
			isa = XCConfigurationList;
			buildConfigurations = (
				1BD2A3F1254B036F00FCA510 /* Debug */,
				1BD2A3F2254B036F00FCA510 /* Release */,
			);
			defaultConfigurationIsVisible = 0;
			defaultConfigurationName = Release;
		};
		1BD2A3F3254B036F00FCA510 /* Build configuration list for PBXNativeTarget "RSS_ReaderUITests" */ = {
			isa = XCConfigurationList;
			buildConfigurations = (
				1BD2A3F4254B036F00FCA510 /* Debug */,
				1BD2A3F5254B036F00FCA510 /* Release */,
			);
			defaultConfigurationIsVisible = 0;
			defaultConfigurationName = Release;
		};
/* End XCConfigurationList section */

/* Begin XCRemoteSwiftPackageReference section */
		EB3F6AB92554046E003FA72F /* XCRemoteSwiftPackageReference "XMLCoder" */ = {
			isa = XCRemoteSwiftPackageReference;
			repositoryURL = "https://github.com/MaxDesiatov/XMLCoder.git";
			requirement = {
				kind = upToNextMajorVersion;
				minimumVersion = 0.11.1;
			};
		};
/* End XCRemoteSwiftPackageReference section */

/* Begin XCSwiftPackageProductDependency section */
		1BA30EAB25A495550048FA60 /* XMLCoder */ = {
			isa = XCSwiftPackageProductDependency;
			package = EB3F6AB92554046E003FA72F /* XCRemoteSwiftPackageReference "XMLCoder" */;
			productName = XMLCoder;
		};
		EB3F6ABA2554046F003FA72F /* XMLCoder */ = {
			isa = XCSwiftPackageProductDependency;
			package = EB3F6AB92554046E003FA72F /* XCRemoteSwiftPackageReference "XMLCoder" */;
			productName = XMLCoder;
		};
/* End XCSwiftPackageProductDependency section */

/* Begin XCVersionGroup section */
		1BA30E9A25A495120048FA60 /* Mac_RSS_Reader.xcdatamodeld */ = {
			isa = XCVersionGroup;
			children = (
				1BA30E9B25A495120048FA60 /* Mac_RSS_Reader.xcdatamodel */,
			);
			currentVersion = 1BA30E9B25A495120048FA60 /* Mac_RSS_Reader.xcdatamodel */;
			path = Mac_RSS_Reader.xcdatamodeld;
			sourceTree = "<group>";
			versionGroupType = wrapper.xcdatamodel;
		};
		1BD2A3D1254B036F00FCA510 /* RSS_Reader.xcdatamodeld */ = {
			isa = XCVersionGroup;
			children = (
				1BD2A3D2254B036F00FCA510 /* RSS_Reader.xcdatamodel */,
			);
			currentVersion = 1BD2A3D2254B036F00FCA510 /* RSS_Reader.xcdatamodel */;
			path = RSS_Reader.xcdatamodeld;
			sourceTree = "<group>";
			versionGroupType = wrapper.xcdatamodel;
		};
/* End XCVersionGroup section */
	};
	rootObject = 1BD2A3BB254B036E00FCA510 /* Project object */;
}
